
Microsoft Visual Studio Solution File, Format Version 12.00
# Visual Studio Version 17
VisualStudioVersion = 17.5.33530.505
MinimumVisualStudioVersion = 10.0.40219.1
Project("{FAE04EC0-301F-11D3-BF4B-00C04F79EFBC}") = "Magicvilla", "Magicvilla\Magicvilla.csproj", "{82FD0E2F-5E89-4F3A-AD7F-2E904E3F637B}"
EndProject
Global
	GlobalSection(SolutionConfigurationPlatforms) = preSolution
		Debug|Any CPU = Debug|Any CPU
		Release|Any CPU = Release|Any CPU
	EndGlobalSection
	GlobalSection(ProjectConfigurationPlatforms) = postSolution
		{82FD0E2F-5E89-4F3A-AD7F-2E904E3F637B}.Debug|Any CPU.ActiveCfg = Debug|Any CPU
		{82FD0E2F-5E89-4F3A-AD7F-2E904E3F637B}.Debug|Any CPU.Build.0 = Debug|Any CPU
		{82FD0E2F-5E89-4F3A-AD7F-2E904E3F637B}.Release|Any CPU.ActiveCfg = Release|Any CPU
		{82FD0E2F-5E89-4F3A-AD7F-2E904E3F637B}.Release|Any CPU.Build.0 = Release|Any CPU
	EndGlobalSection
	GlobalSection(SolutionProperties) = preSolution
		HideSolutionNode = FALSE
	EndGlobalSection
	GlobalSection(ExtensibilityGlobals) = postSolution
		SolutionGuid = {14D6D6DF-EBCD-43DC-84ED-EDF2A613C602}
	EndGlobalSection
EndGlobal
